// !$*UTF8*$!
{
	archiveVersion = 1;
	classes = {
	};
	objectVersion = 46;
	objects = {

/* Begin PBXBuildFile section */
		2BDFACF917E92EAD003539A1 /* GTMGatherInputStream.m in Sources */ = {isa = PBXBuildFile; fileRef = 2BDFACEA17E92EAD003539A1 /* GTMGatherInputStream.m */; };
		2BDFACFA17E92EAD003539A1 /* GTMHTTPFetcher.m in Sources */ = {isa = PBXBuildFile; fileRef = 2BDFACEC17E92EAD003539A1 /* GTMHTTPFetcher.m */; };
		2BDFACFB17E92EAD003539A1 /* GTMHTTPFetcherLogging.m in Sources */ = {isa = PBXBuildFile; fileRef = 2BDFACEE17E92EAD003539A1 /* GTMHTTPFetcherLogging.m */; };
		2BDFACFC17E92EAD003539A1 /* GTMHTTPFetcherService.m in Sources */ = {isa = PBXBuildFile; fileRef = 2BDFACF017E92EAD003539A1 /* GTMHTTPFetcherService.m */; };
		2BDFACFD17E92EAD003539A1 /* GTMHTTPFetchHistory.m in Sources */ = {isa = PBXBuildFile; fileRef = 2BDFACF217E92EAD003539A1 /* GTMHTTPFetchHistory.m */; };
		2BDFACFF17E92EAD003539A1 /* GTMMIMEDocument.m in Sources */ = {isa = PBXBuildFile; fileRef = 2BDFACF617E92EAD003539A1 /* GTMMIMEDocument.m */; };
		2BDFAD0017E92EAD003539A1 /* GTMReadMonitorInputStream.m in Sources */ = {isa = PBXBuildFile; fileRef = 2BDFACF817E92EAD003539A1 /* GTMReadMonitorInputStream.m */; };
		2BDFAD0517E92EDB003539A1 /* GTMOAuth2Authentication.m in Sources */ = {isa = PBXBuildFile; fileRef = 2BDFAD0217E92EDB003539A1 /* GTMOAuth2Authentication.m */; };
		2BDFAD0617E92EDB003539A1 /* GTMOAuth2SignIn.m in Sources */ = {isa = PBXBuildFile; fileRef = 2BDFAD0417E92EDB003539A1 /* GTMOAuth2SignIn.m */; };
		2BDFAD0A17E92EE6003539A1 /* GTMOAuth2ViewControllerTouch.m in Sources */ = {isa = PBXBuildFile; fileRef = 2BDFAD0817E92EE6003539A1 /* GTMOAuth2ViewControllerTouch.m */; };
		4F0C4FBE13CFA7E5007E5E92 /* GTLUploadParameters.m in Sources */ = {isa = PBXBuildFile; fileRef = 4F0C4FBB13CFA7E5007E5E92 /* GTLUploadParameters.m */; };
		4F8DB6DE13FDC0F50001DD6C /* GTLBatchQuery.h in Copy Static Library Headers */ = {isa = PBXBuildFile; fileRef = 4FDE22491384818E005AEFAA /* GTLBatchQuery.h */; };
		4F8DB6DF13FDC0F50001DD6C /* GTLBatchResult.h in Copy Static Library Headers */ = {isa = PBXBuildFile; fileRef = 4FDE224B1384818E005AEFAA /* GTLBatchResult.h */; };
		4F8DB6E013FDC0F50001DD6C /* GTLDateTime.h in Copy Static Library Headers */ = {isa = PBXBuildFile; fileRef = 4FDE224D1384818E005AEFAA /* GTLDateTime.h */; };
		4F8DB6E113FDC0F50001DD6C /* GTLDefines.h in Copy Static Library Headers */ = {isa = PBXBuildFile; fileRef = 4F3DE994119CCE49006926D1 /* GTLDefines.h */; };
		4F8DB6E213FDC0F50001DD6C /* GTLErrorObject.h in Copy Static Library Headers */ = {isa = PBXBuildFile; fileRef = 4FDE224F1384818E005AEFAA /* GTLErrorObject.h */; };
		4F8DB6E313FDC0F50001DD6C /* GTLFramework.h in Copy Static Library Headers */ = {isa = PBXBuildFile; fileRef = 4FDE223213848173005AEFAA /* GTLFramework.h */; };
		4F8DB6E413FDC0F50001DD6C /* GTLJSONParser.h in Copy Static Library Headers */ = {isa = PBXBuildFile; fileRef = 4FDE223413848173005AEFAA /* GTLJSONParser.h */; };
		4F8DB6E513FDC0F50001DD6C /* GTLObject.h in Copy Static Library Headers */ = {isa = PBXBuildFile; fileRef = 4FDE22511384818E005AEFAA /* GTLObject.h */; };
		4F8DB6E613FDC0F50001DD6C /* GTLQuery.h in Copy Static Library Headers */ = {isa = PBXBuildFile; fileRef = 4FDE22531384818E005AEFAA /* GTLQuery.h */; };
		4F8DB6E713FDC0F50001DD6C /* GTLRuntimeCommon.h in Copy Static Library Headers */ = {isa = PBXBuildFile; fileRef = 4FDE22551384818E005AEFAA /* GTLRuntimeCommon.h */; };
		4F8DB6E813FDC0F50001DD6C /* GTLService.h in Copy Static Library Headers */ = {isa = PBXBuildFile; fileRef = 4FDE22571384818E005AEFAA /* GTLService.h */; };
		4F8DB6E913FDC0F50001DD6C /* GTLTargetNamespace.h in Copy Static Library Headers */ = {isa = PBXBuildFile; fileRef = 4FDE223613848173005AEFAA /* GTLTargetNamespace.h */; };
		4F8DB6EA13FDC0F50001DD6C /* GTLUploadParameters.h in Copy Static Library Headers */ = {isa = PBXBuildFile; fileRef = 4F0C4FBA13CFA7E5007E5E92 /* GTLUploadParameters.h */; };
		4F8DB6EB13FDC0F50001DD6C /* GTLUtilities.h in Copy Static Library Headers */ = {isa = PBXBuildFile; fileRef = 4FDE223713848173005AEFAA /* GTLUtilities.h */; };
		4F934E691512712100C4EA34 /* GTLBase64.m in Sources */ = {isa = PBXBuildFile; fileRef = 4F934E661512712100C4EA34 /* GTLBase64.m */; };
		4F934E6C1512713000C4EA34 /* GTLBase64.h in Copy Static Library Headers */ = {isa = PBXBuildFile; fileRef = 4F934E651512712100C4EA34 /* GTLBase64.h */; };
		4FDE224313848173005AEFAA /* GTLFramework.m in Sources */ = {isa = PBXBuildFile; fileRef = 4FDE223313848173005AEFAA /* GTLFramework.m */; };
		4FDE224413848173005AEFAA /* GTLJSONParser.m in Sources */ = {isa = PBXBuildFile; fileRef = 4FDE223513848173005AEFAA /* GTLJSONParser.m */; };
		4FDE224513848173005AEFAA /* GTLUtilities.m in Sources */ = {isa = PBXBuildFile; fileRef = 4FDE223813848173005AEFAA /* GTLUtilities.m */; };
		4FDE22711384818E005AEFAA /* GTLBatchQuery.m in Sources */ = {isa = PBXBuildFile; fileRef = 4FDE224A1384818E005AEFAA /* GTLBatchQuery.m */; };
		4FDE22721384818E005AEFAA /* GTLBatchResult.m in Sources */ = {isa = PBXBuildFile; fileRef = 4FDE224C1384818E005AEFAA /* GTLBatchResult.m */; };
		4FDE22731384818E005AEFAA /* GTLDateTime.m in Sources */ = {isa = PBXBuildFile; fileRef = 4FDE224E1384818E005AEFAA /* GTLDateTime.m */; };
		4FDE22741384818E005AEFAA /* GTLErrorObject.m in Sources */ = {isa = PBXBuildFile; fileRef = 4FDE22501384818E005AEFAA /* GTLErrorObject.m */; };
		4FDE22751384818E005AEFAA /* GTLObject.m in Sources */ = {isa = PBXBuildFile; fileRef = 4FDE22521384818E005AEFAA /* GTLObject.m */; };
		4FDE22761384818E005AEFAA /* GTLQuery.m in Sources */ = {isa = PBXBuildFile; fileRef = 4FDE22541384818E005AEFAA /* GTLQuery.m */; };
		4FDE22771384818E005AEFAA /* GTLRuntimeCommon.m in Sources */ = {isa = PBXBuildFile; fileRef = 4FDE22561384818E005AEFAA /* GTLRuntimeCommon.m */; };
		4FDE22781384818E005AEFAA /* GTLService.m in Sources */ = {isa = PBXBuildFile; fileRef = 4FDE22581384818E005AEFAA /* GTLService.m */; };
/* End PBXBuildFile section */

/* Begin PBXCopyFilesBuildPhase section */
		4F8DB6DC13FDC0240001DD6C /* Copy Static Library Headers */ = {
			isa = PBXCopyFilesBuildPhase;
			buildActionMask = 2147483647;
			dstPath = Headers;
			dstSubfolderSpec = 16;
			files = (
				4F934E6C1512713000C4EA34 /* GTLBase64.h in Copy Static Library Headers */,
				4F8DB6DE13FDC0F50001DD6C /* GTLBatchQuery.h in Copy Static Library Headers */,
				4F8DB6DF13FDC0F50001DD6C /* GTLBatchResult.h in Copy Static Library Headers */,
				4F8DB6E013FDC0F50001DD6C /* GTLDateTime.h in Copy Static Library Headers */,
				4F8DB6E113FDC0F50001DD6C /* GTLDefines.h in Copy Static Library Headers */,
				4F8DB6E213FDC0F50001DD6C /* GTLErrorObject.h in Copy Static Library Headers */,
				4F8DB6E313FDC0F50001DD6C /* GTLFramework.h in Copy Static Library Headers */,
				4F8DB6E413FDC0F50001DD6C /* GTLJSONParser.h in Copy Static Library Headers */,
				4F8DB6E513FDC0F50001DD6C /* GTLObject.h in Copy Static Library Headers */,
				4F8DB6E613FDC0F50001DD6C /* GTLQuery.h in Copy Static Library Headers */,
				4F8DB6E713FDC0F50001DD6C /* GTLRuntimeCommon.h in Copy Static Library Headers */,
				4F8DB6E813FDC0F50001DD6C /* GTLService.h in Copy Static Library Headers */,
				4F8DB6E913FDC0F50001DD6C /* GTLTargetNamespace.h in Copy Static Library Headers */,
				4F8DB6EA13FDC0F50001DD6C /* GTLUploadParameters.h in Copy Static Library Headers */,
				4F8DB6EB13FDC0F50001DD6C /* GTLUtilities.h in Copy Static Library Headers */,
			);
			name = "Copy Static Library Headers";
			runOnlyForDeploymentPostprocessing = 0;
		};
/* End PBXCopyFilesBuildPhase section */

/* Begin PBXFileReference section */
		1058C7ADFEA557BF11CA2CBB /* Cocoa.framework */ = {isa = PBXFileReference; lastKnownFileType = wrapper.framework; name = Cocoa.framework; path = /System/Library/Frameworks/Cocoa.framework; sourceTree = "<absolute>"; };
		2B0F592617F6F02000DEF609 /* GTMOAuth2ViewTouch.xib */ = {isa = PBXFileReference; fileEncoding = 4; lastKnownFileType = file.xib; path = GTMOAuth2ViewTouch.xib; sourceTree = "<group>"; };
		2BDFACE917E92EAD003539A1 /* GTMGatherInputStream.h */ = {isa = PBXFileReference; fileEncoding = 4; lastKnownFileType = sourcecode.c.h; path = GTMGatherInputStream.h; sourceTree = "<group>"; };
		2BDFACEA17E92EAD003539A1 /* GTMGatherInputStream.m */ = {isa = PBXFileReference; fileEncoding = 4; lastKnownFileType = sourcecode.c.objc; path = GTMGatherInputStream.m; sourceTree = "<group>"; };
		2BDFACEB17E92EAD003539A1 /* GTMHTTPFetcher.h */ = {isa = PBXFileReference; fileEncoding = 4; lastKnownFileType = sourcecode.c.h; path = GTMHTTPFetcher.h; sourceTree = "<group>"; };
		2BDFACEC17E92EAD003539A1 /* GTMHTTPFetcher.m */ = {isa = PBXFileReference; fileEncoding = 4; lastKnownFileType = sourcecode.c.objc; path = GTMHTTPFetcher.m; sourceTree = "<group>"; };
		2BDFACED17E92EAD003539A1 /* GTMHTTPFetcherLogging.h */ = {isa = PBXFileReference; fileEncoding = 4; lastKnownFileType = sourcecode.c.h; path = GTMHTTPFetcherLogging.h; sourceTree = "<group>"; };
		2BDFACEE17E92EAD003539A1 /* GTMHTTPFetcherLogging.m */ = {isa = PBXFileReference; fileEncoding = 4; lastKnownFileType = sourcecode.c.objc; path = GTMHTTPFetcherLogging.m; sourceTree = "<group>"; };
		2BDFACEF17E92EAD003539A1 /* GTMHTTPFetcherService.h */ = {isa = PBXFileReference; fileEncoding = 4; lastKnownFileType = sourcecode.c.h; path = GTMHTTPFetcherService.h; sourceTree = "<group>"; };
		2BDFACF017E92EAD003539A1 /* GTMHTTPFetcherService.m */ = {isa = PBXFileReference; fileEncoding = 4; lastKnownFileType = sourcecode.c.objc; path = GTMHTTPFetcherService.m; sourceTree = "<group>"; };
		2BDFACF117E92EAD003539A1 /* GTMHTTPFetchHistory.h */ = {isa = PBXFileReference; fileEncoding = 4; lastKnownFileType = sourcecode.c.h; path = GTMHTTPFetchHistory.h; sourceTree = "<group>"; };
		2BDFACF217E92EAD003539A1 /* GTMHTTPFetchHistory.m */ = {isa = PBXFileReference; fileEncoding = 4; lastKnownFileType = sourcecode.c.objc; path = GTMHTTPFetchHistory.m; sourceTree = "<group>"; };
		2BDFACF517E92EAD003539A1 /* GTMMIMEDocument.h */ = {isa = PBXFileReference; fileEncoding = 4; lastKnownFileType = sourcecode.c.h; path = GTMMIMEDocument.h; sourceTree = "<group>"; };
		2BDFACF617E92EAD003539A1 /* GTMMIMEDocument.m */ = {isa = PBXFileReference; fileEncoding = 4; lastKnownFileType = sourcecode.c.objc; path = GTMMIMEDocument.m; sourceTree = "<group>"; };
		2BDFACF717E92EAD003539A1 /* GTMReadMonitorInputStream.h */ = {isa = PBXFileReference; fileEncoding = 4; lastKnownFileType = sourcecode.c.h; path = GTMReadMonitorInputStream.h; sourceTree = "<group>"; };
		2BDFACF817E92EAD003539A1 /* GTMReadMonitorInputStream.m */ = {isa = PBXFileReference; fileEncoding = 4; lastKnownFileType = sourcecode.c.objc; path = GTMReadMonitorInputStream.m; sourceTree = "<group>"; };
		2BDFAD0117E92EDB003539A1 /* GTMOAuth2Authentication.h */ = {isa = PBXFileReference; fileEncoding = 4; lastKnownFileType = sourcecode.c.h; path = GTMOAuth2Authentication.h; sourceTree = "<group>"; };
		2BDFAD0217E92EDB003539A1 /* GTMOAuth2Authentication.m */ = {isa = PBXFileReference; fileEncoding = 4; lastKnownFileType = sourcecode.c.objc; path = GTMOAuth2Authentication.m; sourceTree = "<group>"; };
		2BDFAD0317E92EDB003539A1 /* GTMOAuth2SignIn.h */ = {isa = PBXFileReference; fileEncoding = 4; lastKnownFileType = sourcecode.c.h; path = GTMOAuth2SignIn.h; sourceTree = "<group>"; };
		2BDFAD0417E92EDB003539A1 /* GTMOAuth2SignIn.m */ = {isa = PBXFileReference; fileEncoding = 4; lastKnownFileType = sourcecode.c.objc; path = GTMOAuth2SignIn.m; sourceTree = "<group>"; };
		2BDFAD0717E92EE6003539A1 /* GTMOAuth2ViewControllerTouch.h */ = {isa = PBXFileReference; fileEncoding = 4; lastKnownFileType = sourcecode.c.h; path = GTMOAuth2ViewControllerTouch.h; sourceTree = "<group>"; };
		2BDFAD0817E92EE6003539A1 /* GTMOAuth2ViewControllerTouch.m */ = {isa = PBXFileReference; fileEncoding = 4; lastKnownFileType = sourcecode.c.objc; path = GTMOAuth2ViewControllerTouch.m; sourceTree = "<group>"; };
		4F0C4FBA13CFA7E5007E5E92 /* GTLUploadParameters.h */ = {isa = PBXFileReference; fileEncoding = 4; lastKnownFileType = sourcecode.c.h; name = GTLUploadParameters.h; path = Objects/GTLUploadParameters.h; sourceTree = "<group>"; };
		4F0C4FBB13CFA7E5007E5E92 /* GTLUploadParameters.m */ = {isa = PBXFileReference; fileEncoding = 4; lastKnownFileType = sourcecode.c.objc; name = GTLUploadParameters.m; path = Objects/GTLUploadParameters.m; sourceTree = "<group>"; };
		4F12027C11A4CA2F00BEB470 /* libGTLTouchStaticLib.a */ = {isa = PBXFileReference; explicitFileType = archive.ar; includeInIndex = 0; path = libGTLTouchStaticLib.a; sourceTree = BUILT_PRODUCTS_DIR; };
		4F14A9E60B1277290072EBB8 /* SenTestingKit.framework */ = {isa = PBXFileReference; lastKnownFileType = wrapper.framework; name = SenTestingKit.framework; path = Library/Frameworks/SenTestingKit.framework; sourceTree = DEVELOPER_DIR; };
		4F14B13A0B13A6150072EBB8 /* GTLUnitTests-Info.plist */ = {isa = PBXFileReference; fileEncoding = 30; lastKnownFileType = text.plist.xml; name = "GTLUnitTests-Info.plist"; path = "Resources/GTLUnitTests-Info.plist"; sourceTree = "<group>"; };
		4F164606137098C80096E878 /* Task1.request.txt */ = {isa = PBXFileReference; fileEncoding = 4; lastKnownFileType = text; name = Task1.request.txt; path = Tests/Data/Task1.request.txt; sourceTree = "<group>"; };
		4F164607137098C80096E878 /* Task1.response.txt */ = {isa = PBXFileReference; fileEncoding = 4; lastKnownFileType = text; name = Task1.response.txt; path = Tests/Data/Task1.response.txt; sourceTree = "<group>"; };
		4F1647691370C8F80096E878 /* TaskBatch1.request.txt */ = {isa = PBXFileReference; fileEncoding = 4; lastKnownFileType = text; name = TaskBatch1.request.txt; path = Tests/Data/TaskBatch1.request.txt; sourceTree = "<group>"; };
		4F16476A1370C8F80096E878 /* TaskBatch1.response.txt */ = {isa = PBXFileReference; fileEncoding = 4; lastKnownFileType = text; name = TaskBatch1.response.txt; path = Tests/Data/TaskBatch1.response.txt; sourceTree = "<group>"; };
		4F18174C1134982E009F7FD1 /* Security.framework */ = {isa = PBXFileReference; lastKnownFileType = wrapper.framework; name = Security.framework; path = /System/Library/Frameworks/Security.framework; sourceTree = "<absolute>"; };
		4F1AD90C0B71607400DC0485 /* main.m */ = {isa = PBXFileReference; fileEncoding = 4; lastKnownFileType = sourcecode.c.objc; name = main.m; path = Tests/main.m; sourceTree = "<group>"; };
		4F2449B3121F3E2A00FEE1DA /* GTMHTTPFetcherTestServer.h */ = {isa = PBXFileReference; fileEncoding = 4; lastKnownFileType = sourcecode.c.h; name = GTMHTTPFetcherTestServer.h; path = HTTPFetcher/Tests/GTMHTTPFetcherTestServer.h; sourceTree = "<group>"; };
		4F2449B4121F3E2A00FEE1DA /* GTMHTTPFetcherTestServer.m */ = {isa = PBXFileReference; fileEncoding = 4; lastKnownFileType = sourcecode.c.objc; name = GTMHTTPFetcherTestServer.m; path = HTTPFetcher/Tests/GTMHTTPFetcherTestServer.m; sourceTree = "<group>"; };
		4F2449B5121F3E2A00FEE1DA /* GTMHTTPServer.h */ = {isa = PBXFileReference; fileEncoding = 4; lastKnownFileType = sourcecode.c.h; name = GTMHTTPServer.h; path = HTTPFetcher/Tests/GTMHTTPServer.h; sourceTree = "<group>"; };
		4F2449B6121F3E2A00FEE1DA /* GTMHTTPServer.m */ = {isa = PBXFileReference; fileEncoding = 4; lastKnownFileType = sourcecode.c.objc; name = GTMHTTPServer.m; path = HTTPFetcher/Tests/GTMHTTPServer.m; sourceTree = "<group>"; };
		4F2E11F10BA778C900237907 /* DevTestTool-Info.plist */ = {isa = PBXFileReference; fileEncoding = 30; lastKnownFileType = text.plist.xml; name = "DevTestTool-Info.plist"; path = "Resources/DevTestTool-Info.plist"; sourceTree = "<group>"; };
		4F2E11F20BA778D700237907 /* GTLFramework-Info.plist */ = {isa = PBXFileReference; fileEncoding = 30; lastKnownFileType = text.plist.xml; name = "GTLFramework-Info.plist"; path = "Resources/GTLFramework-Info.plist"; sourceTree = "<group>"; };
		4F31A3D3142AA6BA00A58EAD /* TaskBatchPage1a.request.txt */ = {isa = PBXFileReference; fileEncoding = 4; lastKnownFileType = text; name = TaskBatchPage1a.request.txt; path = Tests/Data/TaskBatchPage1a.request.txt; sourceTree = "<group>"; };
		4F31A3D4142AA6BA00A58EAD /* TaskBatchPage1a.response.txt */ = {isa = PBXFileReference; fileEncoding = 4; lastKnownFileType = text; name = TaskBatchPage1a.response.txt; path = Tests/Data/TaskBatchPage1a.response.txt; sourceTree = "<group>"; };
		4F31A3D5142AA6BA00A58EAD /* TaskBatchPage1b.request.txt */ = {isa = PBXFileReference; fileEncoding = 4; lastKnownFileType = text; name = TaskBatchPage1b.request.txt; path = Tests/Data/TaskBatchPage1b.request.txt; sourceTree = "<group>"; };
		4F31A3D6142AA6BA00A58EAD /* TaskBatchPage1b.response.txt */ = {isa = PBXFileReference; fileEncoding = 4; lastKnownFileType = text; name = TaskBatchPage1b.response.txt; path = Tests/Data/TaskBatchPage1b.response.txt; sourceTree = "<group>"; };
		4F35B4B01385F9270082F64E /* Task1.rest.txt */ = {isa = PBXFileReference; fileEncoding = 4; lastKnownFileType = text; name = Task1.rest.txt; path = Tests/Data/Task1.rest.txt; sourceTree = "<group>"; };
		4F35D4B3117787F600BDFA97 /* SystemConfiguration.framework */ = {isa = PBXFileReference; lastKnownFileType = wrapper.framework; name = SystemConfiguration.framework; path = /System/Library/Frameworks/SystemConfiguration.framework; sourceTree = "<absolute>"; };
		4F3DE994119CCE49006926D1 /* GTLDefines.h */ = {isa = PBXFileReference; fileEncoding = 4; lastKnownFileType = sourcecode.c.h; path = GTLDefines.h; sourceTree = "<group>"; };
		4F4DE9071371DD6F00F5C554 /* TaskError1.request.txt */ = {isa = PBXFileReference; fileEncoding = 4; lastKnownFileType = text; name = TaskError1.request.txt; path = Tests/Data/TaskError1.request.txt; sourceTree = "<group>"; };
		4F4DE9081371DD6F00F5C554 /* TaskError1.response.txt */ = {isa = PBXFileReference; fileEncoding = 4; lastKnownFileType = text; name = TaskError1.response.txt; path = Tests/Data/TaskError1.response.txt; sourceTree = "<group>"; };
		4F4DEB6B1372170300F5C554 /* TaskPage1a.request.txt */ = {isa = PBXFileReference; fileEncoding = 4; lastKnownFileType = text; name = TaskPage1a.request.txt; path = Tests/Data/TaskPage1a.request.txt; sourceTree = "<group>"; };
		4F4DEB6C1372170300F5C554 /* TaskPage1a.response.txt */ = {isa = PBXFileReference; fileEncoding = 4; lastKnownFileType = text; name = TaskPage1a.response.txt; path = Tests/Data/TaskPage1a.response.txt; sourceTree = "<group>"; };
		4F4DEB6D1372170300F5C554 /* TaskPage1b.request.txt */ = {isa = PBXFileReference; fileEncoding = 4; lastKnownFileType = text; name = TaskPage1b.request.txt; path = Tests/Data/TaskPage1b.request.txt; sourceTree = "<group>"; };
		4F4DEB6E1372170300F5C554 /* TaskPage1b.response.txt */ = {isa = PBXFileReference; fileEncoding = 4; lastKnownFileType = text; name = TaskPage1b.response.txt; path = Tests/Data/TaskPage1b.response.txt; sourceTree = "<group>"; };
		4F5A6FA914081D6200019FCD /* ReleaseNotes.txt */ = {isa = PBXFileReference; fileEncoding = 4; lastKnownFileType = text; path = ReleaseNotes.txt; sourceTree = "<group>"; };
		4F76C06D13B1208F009154C6 /* TaskPage1c.request.txt */ = {isa = PBXFileReference; fileEncoding = 4; lastKnownFileType = text; name = TaskPage1c.request.txt; path = Tests/Data/TaskPage1c.request.txt; sourceTree = "<group>"; };
		4F76C06E13B1208F009154C6 /* TaskPage1c.response.txt */ = {isa = PBXFileReference; fileEncoding = 4; lastKnownFileType = text; name = TaskPage1c.response.txt; path = Tests/Data/TaskPage1c.response.txt; sourceTree = "<group>"; };
		4F76C06F13B1208F009154C6 /* TaskPage1d.request.txt */ = {isa = PBXFileReference; fileEncoding = 4; lastKnownFileType = text; name = TaskPage1d.request.txt; path = Tests/Data/TaskPage1d.request.txt; sourceTree = "<group>"; };
		4F76C07013B1208F009154C6 /* TaskPage1d.response.txt */ = {isa = PBXFileReference; fileEncoding = 4; lastKnownFileType = text; name = TaskPage1d.response.txt; path = Tests/Data/TaskPage1d.response.txt; sourceTree = "<group>"; };
		4F934E651512712100C4EA34 /* GTLBase64.h */ = {isa = PBXFileReference; fileEncoding = 4; lastKnownFileType = sourcecode.c.h; name = GTLBase64.h; path = Utilities/GTLBase64.h; sourceTree = "<group>"; };
		4F934E661512712100C4EA34 /* GTLBase64.m */ = {isa = PBXFileReference; fileEncoding = 4; lastKnownFileType = sourcecode.c.objc; name = GTLBase64.m; path = Utilities/GTLBase64.m; sourceTree = "<group>"; };
		4F934F50151286FE00C4EA34 /* GTLBase64Test.m */ = {isa = PBXFileReference; fileEncoding = 4; lastKnownFileType = sourcecode.c.objc; name = GTLBase64Test.m; path = Tests/GTLBase64Test.m; sourceTree = "<group>"; };
		4F9F7E3811F5103B0033A2C1 /* GTLDateTimeTest.m */ = {isa = PBXFileReference; fileEncoding = 4; lastKnownFileType = sourcecode.c.objc; name = GTLDateTimeTest.m; path = Tests/GTLDateTimeTest.m; sourceTree = "<group>"; };
		4F9F7E3A11F510430033A2C1 /* GTLFrameworkTest.m */ = {isa = PBXFileReference; fileEncoding = 4; lastKnownFileType = sourcecode.c.objc; name = GTLFrameworkTest.m; path = Tests/GTLFrameworkTest.m; sourceTree = "<group>"; };
		4F9F7E3B11F510430033A2C1 /* GTLUtilitiesTest.m */ = {isa = PBXFileReference; fileEncoding = 4; lastKnownFileType = sourcecode.c.objc; name = GTLUtilitiesTest.m; path = Tests/GTLUtilitiesTest.m; sourceTree = "<group>"; };
		4FA4F7771755682800CB7616 /* TaskDelete1.request.txt */ = {isa = PBXFileReference; fileEncoding = 4; lastKnownFileType = text; name = TaskDelete1.request.txt; path = Tests/Data/TaskDelete1.request.txt; sourceTree = "<group>"; };
		4FA4F7781755682800CB7616 /* TaskDelete1.response.txt */ = {isa = PBXFileReference; fileEncoding = 4; lastKnownFileType = text; name = TaskDelete1.response.txt; path = Tests/Data/TaskDelete1.response.txt; sourceTree = "<group>"; };
		4FA4F7791755682800CB7616 /* TaskEmpty1.request.txt */ = {isa = PBXFileReference; fileEncoding = 4; lastKnownFileType = text; name = TaskEmpty1.request.txt; path = Tests/Data/TaskEmpty1.request.txt; sourceTree = "<group>"; };
		4FA4F77A1755682800CB7616 /* TaskEmpty1.response.txt */ = {isa = PBXFileReference; fileEncoding = 4; lastKnownFileType = text; name = TaskEmpty1.response.txt; path = Tests/Data/TaskEmpty1.response.txt; sourceTree = "<group>"; };
		4FCC7A1C11EFD9EA0097924C /* GTLServiceTest.m */ = {isa = PBXFileReference; fileEncoding = 4; lastKnownFileType = sourcecode.c.objc; name = GTLServiceTest.m; path = Tests/GTLServiceTest.m; sourceTree = "<group>"; };
		4FDE223213848173005AEFAA /* GTLFramework.h */ = {isa = PBXFileReference; fileEncoding = 4; lastKnownFileType = sourcecode.c.h; name = GTLFramework.h; path = Utilities/GTLFramework.h; sourceTree = "<group>"; };
		4FDE223313848173005AEFAA /* GTLFramework.m */ = {isa = PBXFileReference; fileEncoding = 4; lastKnownFileType = sourcecode.c.objc; name = GTLFramework.m; path = Utilities/GTLFramework.m; sourceTree = "<group>"; };
		4FDE223413848173005AEFAA /* GTLJSONParser.h */ = {isa = PBXFileReference; fileEncoding = 4; lastKnownFileType = sourcecode.c.h; name = GTLJSONParser.h; path = Utilities/GTLJSONParser.h; sourceTree = "<group>"; };
		4FDE223513848173005AEFAA /* GTLJSONParser.m */ = {isa = PBXFileReference; fileEncoding = 4; lastKnownFileType = sourcecode.c.objc; name = GTLJSONParser.m; path = Utilities/GTLJSONParser.m; sourceTree = "<group>"; };
		4FDE223613848173005AEFAA /* GTLTargetNamespace.h */ = {isa = PBXFileReference; fileEncoding = 4; lastKnownFileType = sourcecode.c.h; name = GTLTargetNamespace.h; path = Utilities/GTLTargetNamespace.h; sourceTree = "<group>"; };
		4FDE223713848173005AEFAA /* GTLUtilities.h */ = {isa = PBXFileReference; fileEncoding = 4; lastKnownFileType = sourcecode.c.h; name = GTLUtilities.h; path = Utilities/GTLUtilities.h; sourceTree = "<group>"; };
		4FDE223813848173005AEFAA /* GTLUtilities.m */ = {isa = PBXFileReference; fileEncoding = 4; lastKnownFileType = sourcecode.c.objc; name = GTLUtilities.m; path = Utilities/GTLUtilities.m; sourceTree = "<group>"; };
		4FDE22491384818E005AEFAA /* GTLBatchQuery.h */ = {isa = PBXFileReference; fileEncoding = 4; lastKnownFileType = sourcecode.c.h; name = GTLBatchQuery.h; path = Objects/GTLBatchQuery.h; sourceTree = "<group>"; };
		4FDE224A1384818E005AEFAA /* GTLBatchQuery.m */ = {isa = PBXFileReference; fileEncoding = 4; lastKnownFileType = sourcecode.c.objc; name = GTLBatchQuery.m; path = Objects/GTLBatchQuery.m; sourceTree = "<group>"; };
		4FDE224B1384818E005AEFAA /* GTLBatchResult.h */ = {isa = PBXFileReference; fileEncoding = 4; lastKnownFileType = sourcecode.c.h; name = GTLBatchResult.h; path = Objects/GTLBatchResult.h; sourceTree = "<group>"; };
		4FDE224C1384818E005AEFAA /* GTLBatchResult.m */ = {isa = PBXFileReference; fileEncoding = 4; lastKnownFileType = sourcecode.c.objc; name = GTLBatchResult.m; path = Objects/GTLBatchResult.m; sourceTree = "<group>"; };
		4FDE224D1384818E005AEFAA /* GTLDateTime.h */ = {isa = PBXFileReference; fileEncoding = 4; lastKnownFileType = sourcecode.c.h; name = GTLDateTime.h; path = Objects/GTLDateTime.h; sourceTree = "<group>"; };
		4FDE224E1384818E005AEFAA /* GTLDateTime.m */ = {isa = PBXFileReference; fileEncoding = 4; lastKnownFileType = sourcecode.c.objc; name = GTLDateTime.m; path = Objects/GTLDateTime.m; sourceTree = "<group>"; };
		4FDE224F1384818E005AEFAA /* GTLErrorObject.h */ = {isa = PBXFileReference; fileEncoding = 4; lastKnownFileType = sourcecode.c.h; name = GTLErrorObject.h; path = Objects/GTLErrorObject.h; sourceTree = "<group>"; };
		4FDE22501384818E005AEFAA /* GTLErrorObject.m */ = {isa = PBXFileReference; fileEncoding = 4; lastKnownFileType = sourcecode.c.objc; name = GTLErrorObject.m; path = Objects/GTLErrorObject.m; sourceTree = "<group>"; };
		4FDE22511384818E005AEFAA /* GTLObject.h */ = {isa = PBXFileReference; fileEncoding = 4; lastKnownFileType = sourcecode.c.h; name = GTLObject.h; path = Objects/GTLObject.h; sourceTree = "<group>"; };
		4FDE22521384818E005AEFAA /* GTLObject.m */ = {isa = PBXFileReference; fileEncoding = 4; lastKnownFileType = sourcecode.c.objc; name = GTLObject.m; path = Objects/GTLObject.m; sourceTree = "<group>"; };
		4FDE22531384818E005AEFAA /* GTLQuery.h */ = {isa = PBXFileReference; fileEncoding = 4; lastKnownFileType = sourcecode.c.h; name = GTLQuery.h; path = Objects/GTLQuery.h; sourceTree = "<group>"; };
		4FDE22541384818E005AEFAA /* GTLQuery.m */ = {isa = PBXFileReference; fileEncoding = 4; lastKnownFileType = sourcecode.c.objc; name = GTLQuery.m; path = Objects/GTLQuery.m; sourceTree = "<group>"; };
		4FDE22551384818E005AEFAA /* GTLRuntimeCommon.h */ = {isa = PBXFileReference; fileEncoding = 4; lastKnownFileType = sourcecode.c.h; name = GTLRuntimeCommon.h; path = Objects/GTLRuntimeCommon.h; sourceTree = "<group>"; };
		4FDE22561384818E005AEFAA /* GTLRuntimeCommon.m */ = {isa = PBXFileReference; fileEncoding = 4; lastKnownFileType = sourcecode.c.objc; name = GTLRuntimeCommon.m; path = Objects/GTLRuntimeCommon.m; sourceTree = "<group>"; };
		4FDE22571384818E005AEFAA /* GTLService.h */ = {isa = PBXFileReference; fileEncoding = 4; lastKnownFileType = sourcecode.c.h; name = GTLService.h; path = Objects/GTLService.h; sourceTree = "<group>"; };
		4FDE22581384818E005AEFAA /* GTLService.m */ = {isa = PBXFileReference; fileEncoding = 4; lastKnownFileType = sourcecode.c.objc; name = GTLService.m; path = Objects/GTLService.m; sourceTree = "<group>"; };
		F407F0FE136F948A005A4866 /* GTLTasksConstants.h */ = {isa = PBXFileReference; fileEncoding = 4; lastKnownFileType = sourcecode.c.h; name = GTLTasksConstants.h; path = Generated/GTLTasksConstants.h; sourceTree = "<group>"; };
		F407F0FF136F948A005A4866 /* GTLTasksConstants.m */ = {isa = PBXFileReference; fileEncoding = 4; lastKnownFileType = sourcecode.c.objc; name = GTLTasksConstants.m; path = Generated/GTLTasksConstants.m; sourceTree = "<group>"; };
		F45D6A4012F0B2140091E9D9 /* GTLObjectTest.m */ = {isa = PBXFileReference; fileEncoding = 4; lastKnownFileType = sourcecode.c.objc; name = GTLObjectTest.m; path = Tests/GTLObjectTest.m; sourceTree = "<group>"; };
		F47C37F6134B08EF00CCF631 /* GTLQueryTasks.h */ = {isa = PBXFileReference; fileEncoding = 4; lastKnownFileType = sourcecode.c.h; name = GTLQueryTasks.h; path = Generated/GTLQueryTasks.h; sourceTree = "<group>"; };
		F47C37F7134B08EF00CCF631 /* GTLQueryTasks.m */ = {isa = PBXFileReference; fileEncoding = 4; lastKnownFileType = sourcecode.c.objc; name = GTLQueryTasks.m; path = Generated/GTLQueryTasks.m; sourceTree = "<group>"; };
		F47C37F8134B08EF00CCF631 /* GTLServiceTasks.h */ = {isa = PBXFileReference; fileEncoding = 4; lastKnownFileType = sourcecode.c.h; name = GTLServiceTasks.h; path = Generated/GTLServiceTasks.h; sourceTree = "<group>"; };
		F47C37F9134B08EF00CCF631 /* GTLServiceTasks.m */ = {isa = PBXFileReference; fileEncoding = 4; lastKnownFileType = sourcecode.c.objc; name = GTLServiceTasks.m; path = Generated/GTLServiceTasks.m; sourceTree = "<group>"; };
		F47C37FA134B08EF00CCF631 /* GTLTasks.h */ = {isa = PBXFileReference; fileEncoding = 4; lastKnownFileType = sourcecode.c.h; name = GTLTasks.h; path = Generated/GTLTasks.h; sourceTree = "<group>"; };
		F47C37FB134B08EF00CCF631 /* GTLTasksTask.h */ = {isa = PBXFileReference; fileEncoding = 4; lastKnownFileType = sourcecode.c.h; name = GTLTasksTask.h; path = Generated/GTLTasksTask.h; sourceTree = "<group>"; };
		F47C37FC134B08EF00CCF631 /* GTLTasksTask.m */ = {isa = PBXFileReference; fileEncoding = 4; lastKnownFileType = sourcecode.c.objc; name = GTLTasksTask.m; path = Generated/GTLTasksTask.m; sourceTree = "<group>"; };
		F47C37FD134B08EF00CCF631 /* GTLTasksTaskList.h */ = {isa = PBXFileReference; fileEncoding = 4; lastKnownFileType = sourcecode.c.h; name = GTLTasksTaskList.h; path = Generated/GTLTasksTaskList.h; sourceTree = "<group>"; };
		F47C37FE134B08EF00CCF631 /* GTLTasksTaskList.m */ = {isa = PBXFileReference; fileEncoding = 4; lastKnownFileType = sourcecode.c.objc; name = GTLTasksTaskList.m; path = Generated/GTLTasksTaskList.m; sourceTree = "<group>"; };
		F47C37FF134B08EF00CCF631 /* GTLTasksTaskLists.h */ = {isa = PBXFileReference; fileEncoding = 4; lastKnownFileType = sourcecode.c.h; name = GTLTasksTaskLists.h; path = Generated/GTLTasksTaskLists.h; sourceTree = "<group>"; };
		F47C3800134B08EF00CCF631 /* GTLTasksTaskLists.m */ = {isa = PBXFileReference; fileEncoding = 4; lastKnownFileType = sourcecode.c.objc; name = GTLTasksTaskLists.m; path = Generated/GTLTasksTaskLists.m; sourceTree = "<group>"; };
		F47C3801134B08EF00CCF631 /* GTLTasksTasks.h */ = {isa = PBXFileReference; fileEncoding = 4; lastKnownFileType = sourcecode.c.h; name = GTLTasksTasks.h; path = Generated/GTLTasksTasks.h; sourceTree = "<group>"; };
		F47C3802134B08EF00CCF631 /* GTLTasksTasks.m */ = {isa = PBXFileReference; fileEncoding = 4; lastKnownFileType = sourcecode.c.objc; name = GTLTasksTasks.m; path = Generated/GTLTasksTasks.m; sourceTree = "<group>"; };
		F4CC6A101239450100522D45 /* GTLQueryTest.m */ = {isa = PBXFileReference; fileEncoding = 4; lastKnownFileType = sourcecode.c.objc; name = GTLQueryTest.m; path = Tests/GTLQueryTest.m; sourceTree = "<group>"; };
/* End PBXFileReference section */

/* Begin PBXFrameworksBuildPhase section */
		4F1C6E0D1027B3CE00B46459 /* Frameworks */ = {
			isa = PBXFrameworksBuildPhase;
			buildActionMask = 2147483647;
			files = (
			);
			runOnlyForDeploymentPostprocessing = 0;
		};
/* End PBXFrameworksBuildPhase section */

/* Begin PBXGroup section */
		089C166AFE841209C02AAC07 /* GoogleBundle */ = {
			isa = PBXGroup;
			children = (
				32C88E010371C26100C91783 /* GTL Source */,
				4FCC7A1B11EFD9C80097924C /* Tests */,
				4FA9C7410B72AB1600DA5920 /* Test Tool */,
				089C167CFE841241C02AAC07 /* Resources */,
				089C1671FE841209C02AAC07 /* Frameworks and Libraries */,
				19C28FB8FE9D52D311CA2CBB /* Products */,
				4F5A6FA914081D6200019FCD /* ReleaseNotes.txt */,
			);
			name = GoogleBundle;
			sourceTree = "<group>";
		};
		089C1671FE841209C02AAC07 /* Frameworks and Libraries */ = {
			isa = PBXGroup;
			children = (
				1058C7ACFEA557BF11CA2CBB /* Linked Frameworks */,
			);
			name = "Frameworks and Libraries";
			sourceTree = "<group>";
		};
		089C167CFE841241C02AAC07 /* Resources */ = {
			isa = PBXGroup;
			children = (
				4F2E11F20BA778D700237907 /* GTLFramework-Info.plist */,
				4F14B13A0B13A6150072EBB8 /* GTLUnitTests-Info.plist */,
				4F2E11F10BA778C900237907 /* DevTestTool-Info.plist */,
			);
			name = Resources;
			sourceTree = "<group>";
		};
		1058C7ACFEA557BF11CA2CBB /* Linked Frameworks */ = {
			isa = PBXGroup;
			children = (
				4F35D4B3117787F600BDFA97 /* SystemConfiguration.framework */,
				4F18174C1134982E009F7FD1 /* Security.framework */,
				4F14A9E60B1277290072EBB8 /* SenTestingKit.framework */,
				1058C7ADFEA557BF11CA2CBB /* Cocoa.framework */,
			);
			name = "Linked Frameworks";
			sourceTree = "<group>";
		};
		19C28FB8FE9D52D311CA2CBB /* Products */ = {
			isa = PBXGroup;
			children = (
				4F12027C11A4CA2F00BEB470 /* libGTLTouchStaticLib.a */,
			);
			name = Products;
			sourceTree = "<group>";
		};
		32C88E010371C26100C91783 /* GTL Source */ = {
			isa = PBXGroup;
			children = (
				4F346DD20D7500C9006033E0 /* Common */,
			);
			name = "GTL Source";
			sourceTree = "<group>";
		};
		4F244248121E0A8D00FEE1DA /* Touch */ = {
			isa = PBXGroup;
			children = (
				2B0F592617F6F02000DEF609 /* GTMOAuth2ViewTouch.xib */,
				2BDFAD0717E92EE6003539A1 /* GTMOAuth2ViewControllerTouch.h */,
				2BDFAD0817E92EE6003539A1 /* GTMOAuth2ViewControllerTouch.m */,
			);
			name = Touch;
			sourceTree = "<group>";
		};
		4F346DD20D7500C9006033E0 /* Common */ = {
			isa = PBXGroup;
			children = (
				4F3DE994119CCE49006926D1 /* GTLDefines.h */,
				4F5CC88E1381EC7300D1D4CF /* Objects */,
				4F5CC88F1381EC7F00D1D4CF /* Utilities */,
				4FB730D70BE27A92000C493E /* HTTPFetcher */,
				4FDE39371134948400700DC8 /* OAuth2 */,
			);
			name = Common;
			sourceTree = "<group>";
		};
		4F5CC88E1381EC7300D1D4CF /* Objects */ = {
			isa = PBXGroup;
			children = (
				4FDE22511384818E005AEFAA /* GTLObject.h */,
				4FDE22521384818E005AEFAA /* GTLObject.m */,
				4FDE22531384818E005AEFAA /* GTLQuery.h */,
				4FDE22541384818E005AEFAA /* GTLQuery.m */,
				4FDE22491384818E005AEFAA /* GTLBatchQuery.h */,
				4FDE224A1384818E005AEFAA /* GTLBatchQuery.m */,
				4FDE22571384818E005AEFAA /* GTLService.h */,
				4FDE22581384818E005AEFAA /* GTLService.m */,
				4FDE224B1384818E005AEFAA /* GTLBatchResult.h */,
				4FDE224C1384818E005AEFAA /* GTLBatchResult.m */,
				4F0C4FBA13CFA7E5007E5E92 /* GTLUploadParameters.h */,
				4F0C4FBB13CFA7E5007E5E92 /* GTLUploadParameters.m */,
				4FDE224D1384818E005AEFAA /* GTLDateTime.h */,
				4FDE224E1384818E005AEFAA /* GTLDateTime.m */,
				4FDE224F1384818E005AEFAA /* GTLErrorObject.h */,
				4FDE22501384818E005AEFAA /* GTLErrorObject.m */,
				4FDE22551384818E005AEFAA /* GTLRuntimeCommon.h */,
				4FDE22561384818E005AEFAA /* GTLRuntimeCommon.m */,
			);
			name = Objects;
			sourceTree = "<group>";
		};
		4F5CC88F1381EC7F00D1D4CF /* Utilities */ = {
			isa = PBXGroup;
			children = (
				4FDE223213848173005AEFAA /* GTLFramework.h */,
				4FDE223313848173005AEFAA /* GTLFramework.m */,
				4FDE223413848173005AEFAA /* GTLJSONParser.h */,
				4FDE223513848173005AEFAA /* GTLJSONParser.m */,
				4FDE223613848173005AEFAA /* GTLTargetNamespace.h */,
				4FDE223713848173005AEFAA /* GTLUtilities.h */,
				4FDE223813848173005AEFAA /* GTLUtilities.m */,
				4F934E651512712100C4EA34 /* GTLBase64.h */,
				4F934E661512712100C4EA34 /* GTLBase64.m */,
			);
			name = Utilities;
			sourceTree = "<group>";
		};
		4F5CC8921381ED1F00D1D4CF /* Services */ = {
			isa = PBXGroup;
			children = (
				F47C37F5134B08C500CCF631 /* Tasks */,
			);
			name = Services;
			sourceTree = "<group>";
		};
		4FA9C7410B72AB1600DA5920 /* Test Tool */ = {
			isa = PBXGroup;
			children = (
				4F1AD90C0B71607400DC0485 /* main.m */,
			);
			name = "Test Tool";
			sourceTree = "<group>";
		};
		4FB730D70BE27A92000C493E /* HTTPFetcher */ = {
			isa = PBXGroup;
			children = (
				2BDFACE917E92EAD003539A1 /* GTMGatherInputStream.h */,
				2BDFACEA17E92EAD003539A1 /* GTMGatherInputStream.m */,
				2BDFACEB17E92EAD003539A1 /* GTMHTTPFetcher.h */,
				2BDFACEC17E92EAD003539A1 /* GTMHTTPFetcher.m */,
				2BDFACED17E92EAD003539A1 /* GTMHTTPFetcherLogging.h */,
				2BDFACEE17E92EAD003539A1 /* GTMHTTPFetcherLogging.m */,
				2BDFACEF17E92EAD003539A1 /* GTMHTTPFetcherService.h */,
				2BDFACF017E92EAD003539A1 /* GTMHTTPFetcherService.m */,
				2BDFACF117E92EAD003539A1 /* GTMHTTPFetchHistory.h */,
				2BDFACF217E92EAD003539A1 /* GTMHTTPFetchHistory.m */,
				2BDFACF517E92EAD003539A1 /* GTMMIMEDocument.h */,
				2BDFACF617E92EAD003539A1 /* GTMMIMEDocument.m */,
				2BDFACF717E92EAD003539A1 /* GTMReadMonitorInputStream.h */,
				2BDFACF817E92EAD003539A1 /* GTMReadMonitorInputStream.m */,
			);
			name = HTTPFetcher;
			sourceTree = "<group>";
		};
		4FCC7A1B11EFD9C80097924C /* Tests */ = {
			isa = PBXGroup;
			children = (
				4F9F7E3811F5103B0033A2C1 /* GTLDateTimeTest.m */,
				4F9F7E3A11F510430033A2C1 /* GTLFrameworkTest.m */,
				F45D6A4012F0B2140091E9D9 /* GTLObjectTest.m */,
				F4CC6A101239450100522D45 /* GTLQueryTest.m */,
				4FCC7A1C11EFD9EA0097924C /* GTLServiceTest.m */,
				4F9F7E3B11F510430033A2C1 /* GTLUtilitiesTest.m */,
				4F934F50151286FE00C4EA34 /* GTLBase64Test.m */,
				4F5CC8921381ED1F00D1D4CF /* Services */,
				4FCC7A3E11EFDB7E0097924C /* Data */,
				4FCC7A2211EFDA090097924C /* Server */,
			);
			name = Tests;
			sourceTree = "<group>";
		};
		4FCC7A2211EFDA090097924C /* Server */ = {
			isa = PBXGroup;
			children = (
				4F2449B3121F3E2A00FEE1DA /* GTMHTTPFetcherTestServer.h */,
				4F2449B4121F3E2A00FEE1DA /* GTMHTTPFetcherTestServer.m */,
				4F2449B5121F3E2A00FEE1DA /* GTMHTTPServer.h */,
				4F2449B6121F3E2A00FEE1DA /* GTMHTTPServer.m */,
			);
			name = Server;
			sourceTree = "<group>";
		};
		4FCC7A3E11EFDB7E0097924C /* Data */ = {
			isa = PBXGroup;
			children = (
				4F35B4B01385F9270082F64E /* Task1.rest.txt */,
				4F164606137098C80096E878 /* Task1.request.txt */,
				4F164607137098C80096E878 /* Task1.response.txt */,
				4F4DE9071371DD6F00F5C554 /* TaskError1.request.txt */,
				4F4DE9081371DD6F00F5C554 /* TaskError1.response.txt */,
				4FA4F7771755682800CB7616 /* TaskDelete1.request.txt */,
				4FA4F7781755682800CB7616 /* TaskDelete1.response.txt */,
				4FA4F7791755682800CB7616 /* TaskEmpty1.request.txt */,
				4FA4F77A1755682800CB7616 /* TaskEmpty1.response.txt */,
				4F4DEB6B1372170300F5C554 /* TaskPage1a.request.txt */,
				4F4DEB6C1372170300F5C554 /* TaskPage1a.response.txt */,
				4F4DEB6D1372170300F5C554 /* TaskPage1b.request.txt */,
				4F4DEB6E1372170300F5C554 /* TaskPage1b.response.txt */,
				4F76C06D13B1208F009154C6 /* TaskPage1c.request.txt */,
				4F76C06E13B1208F009154C6 /* TaskPage1c.response.txt */,
				4F76C06F13B1208F009154C6 /* TaskPage1d.request.txt */,
				4F76C07013B1208F009154C6 /* TaskPage1d.response.txt */,
				4F1647691370C8F80096E878 /* TaskBatch1.request.txt */,
				4F16476A1370C8F80096E878 /* TaskBatch1.response.txt */,
				4F31A3D3142AA6BA00A58EAD /* TaskBatchPage1a.request.txt */,
				4F31A3D4142AA6BA00A58EAD /* TaskBatchPage1a.response.txt */,
				4F31A3D5142AA6BA00A58EAD /* TaskBatchPage1b.request.txt */,
				4F31A3D6142AA6BA00A58EAD /* TaskBatchPage1b.response.txt */,
			);
			name = Data;
			sourceTree = "<group>";
		};
		4FDE39371134948400700DC8 /* OAuth2 */ = {
			isa = PBXGroup;
			children = (
				2BDFAD0117E92EDB003539A1 /* GTMOAuth2Authentication.h */,
				2BDFAD0217E92EDB003539A1 /* GTMOAuth2Authentication.m */,
				2BDFAD0317E92EDB003539A1 /* GTMOAuth2SignIn.h */,
				2BDFAD0417E92EDB003539A1 /* GTMOAuth2SignIn.m */,
				4F244248121E0A8D00FEE1DA /* Touch */,
			);
			name = OAuth2;
			sourceTree = "<group>";
		};
		F47C37F5134B08C500CCF631 /* Tasks */ = {
			isa = PBXGroup;
			children = (
				F47C37F6134B08EF00CCF631 /* GTLQueryTasks.h */,
				F47C37F7134B08EF00CCF631 /* GTLQueryTasks.m */,
				F47C37F8134B08EF00CCF631 /* GTLServiceTasks.h */,
				F47C37F9134B08EF00CCF631 /* GTLServiceTasks.m */,
				F47C37FA134B08EF00CCF631 /* GTLTasks.h */,
				F407F0FE136F948A005A4866 /* GTLTasksConstants.h */,
				F407F0FF136F948A005A4866 /* GTLTasksConstants.m */,
				F47C37FB134B08EF00CCF631 /* GTLTasksTask.h */,
				F47C37FC134B08EF00CCF631 /* GTLTasksTask.m */,
				F47C37FD134B08EF00CCF631 /* GTLTasksTaskList.h */,
				F47C37FE134B08EF00CCF631 /* GTLTasksTaskList.m */,
				F47C37FF134B08EF00CCF631 /* GTLTasksTaskLists.h */,
				F47C3800134B08EF00CCF631 /* GTLTasksTaskLists.m */,
				F47C3801134B08EF00CCF631 /* GTLTasksTasks.h */,
				F47C3802134B08EF00CCF631 /* GTLTasksTasks.m */,
			);
			name = Tasks;
			path = Services/Tasks;
			sourceTree = "<group>";
		};
/* End PBXGroup section */

/* Begin PBXNativeTarget section */
		4F1C6E0E1027B3CE00B46459 /* GTLTouchStaticLib */ = {
			isa = PBXNativeTarget;
			buildConfigurationList = 4F1C6E121027B3ED00B46459 /* Build configuration list for PBXNativeTarget "GTLTouchStaticLib" */;
			buildPhases = (
				4F8DB6DC13FDC0240001DD6C /* Copy Static Library Headers */,
				4F1C6E0C1027B3CE00B46459 /* Sources */,
				4F1C6E0D1027B3CE00B46459 /* Frameworks */,
			);
			buildRules = (
			);
			dependencies = (
			);
			name = GTLTouchStaticLib;
			productName = GTLTouchStaticLib;
			productReference = 4F12027C11A4CA2F00BEB470 /* libGTLTouchStaticLib.a */;
			productType = "com.apple.product-type.library.static";
		};
/* End PBXNativeTarget section */

/* Begin PBXProject section */
		089C1669FE841209C02AAC07 /* Project object */ = {
			isa = PBXProject;
			attributes = {
				LastUpgradeCheck = 0500;
			};
			buildConfigurationList = 1DEB913E08733D840010E9CD /* Build configuration list for PBXProject "GTL" */;
			compatibilityVersion = "Xcode 3.2";
			developmentRegion = English;
			hasScannedForEncodings = 1;
			knownRegions = (
				English,
				Japanese,
				French,
				German,
			);
			mainGroup = 089C166AFE841209C02AAC07 /* GoogleBundle */;
			projectDirPath = "";
			projectRoot = "";
			targets = (
				4F1C6E0E1027B3CE00B46459 /* GTLTouchStaticLib */,
			);
		};
/* End PBXProject section */

/* Begin PBXSourcesBuildPhase section */
		4F1C6E0C1027B3CE00B46459 /* Sources */ = {
			isa = PBXSourcesBuildPhase;
			buildActionMask = 2147483647;
			files = (
				4FDE224313848173005AEFAA /* GTLFramework.m in Sources */,
				4FDE224413848173005AEFAA /* GTLJSONParser.m in Sources */,
				4FDE224513848173005AEFAA /* GTLUtilities.m in Sources */,
				4FDE22711384818E005AEFAA /* GTLBatchQuery.m in Sources */,
				4FDE22721384818E005AEFAA /* GTLBatchResult.m in Sources */,
				4FDE22731384818E005AEFAA /* GTLDateTime.m in Sources */,
				4FDE22741384818E005AEFAA /* GTLErrorObject.m in Sources */,
				4FDE22751384818E005AEFAA /* GTLObject.m in Sources */,
				4FDE22761384818E005AEFAA /* GTLQuery.m in Sources */,
				4FDE22771384818E005AEFAA /* GTLRuntimeCommon.m in Sources */,
				4FDE22781384818E005AEFAA /* GTLService.m in Sources */,
				4F0C4FBE13CFA7E5007E5E92 /* GTLUploadParameters.m in Sources */,
				4F934E691512712100C4EA34 /* GTLBase64.m in Sources */,
				2BDFACF917E92EAD003539A1 /* GTMGatherInputStream.m in Sources */,
				2BDFACFA17E92EAD003539A1 /* GTMHTTPFetcher.m in Sources */,
				2BDFACFB17E92EAD003539A1 /* GTMHTTPFetcherLogging.m in Sources */,
				2BDFACFC17E92EAD003539A1 /* GTMHTTPFetcherService.m in Sources */,
				2BDFACFD17E92EAD003539A1 /* GTMHTTPFetchHistory.m in Sources */,
				2BDFACFF17E92EAD003539A1 /* GTMMIMEDocument.m in Sources */,
				2BDFAD0017E92EAD003539A1 /* GTMReadMonitorInputStream.m in Sources */,
				2BDFAD0517E92EDB003539A1 /* GTMOAuth2Authentication.m in Sources */,
				2BDFAD0617E92EDB003539A1 /* GTMOAuth2SignIn.m in Sources */,
				2BDFAD0A17E92EE6003539A1 /* GTMOAuth2ViewControllerTouch.m in Sources */,
			);
			runOnlyForDeploymentPostprocessing = 0;
		};
/* End PBXSourcesBuildPhase section */

/* Begin XCBuildConfiguration section */
		1DEB913F08733D840010E9CD /* Debug */ = {
			isa = XCBuildConfiguration;
			buildSettings = {
				COPY_PHASE_STRIP = NO;
				DEAD_CODE_STRIPPING = NO;
				DEPLOYMENT_POSTPROCESSING = NO;
				GCC_C_LANGUAGE_STANDARD = c99;
				GCC_ENABLE_OBJC_EXCEPTIONS = YES;
				GCC_GENERATE_DEBUGGING_SYMBOLS = YES;
				GCC_MODEL_TUNING = G5;
				GCC_OPTIMIZATION_LEVEL = 0;
				GCC_WARN_ABOUT_MISSING_PROTOTYPES = YES;
				GCC_WARN_ABOUT_RETURN_TYPE = YES;
				GCC_WARN_UNUSED_VARIABLE = YES;
				IPHONEOS_DEPLOYMENT_TARGET = 6.0;
				MACOSX_DEPLOYMENT_TARGET = "";
				ONLY_ACTIVE_ARCH = YES;
				OTHER_CFLAGS = "-DDEBUG=1";
				SDKROOT = macosx;
				WARNING_CFLAGS = (
					"-Wall",
					"-Werror",
					"-Wendif-labels",
					"-Wnewline-eof",
					"-Wfloat-equal",
					"-Wundeclared-selector",
					"-Wextra",
					"-Wstrict-overflow",
					"-Wconversion",
					"-Wformat=2",
					"-Wformat-security",
					"-Wreorder",
					"-Wsign-promo",
					"-Wstrict-selector-match",
					"-Wno-unused-parameter",
					"-Wno-unknown-pragmas",
				);
			};
			name = Debug;
		};
		1DEB914008733D840010E9CD /* Release */ = {
			isa = XCBuildConfiguration;
			buildSettings = {
				COPY_PHASE_STRIP = YES;
				DEAD_CODE_STRIPPING = YES;
				DEPLOYMENT_POSTPROCESSING = YES;
				GCC_C_LANGUAGE_STANDARD = c99;
				GCC_ENABLE_OBJC_EXCEPTIONS = YES;
				GCC_GENERATE_DEBUGGING_SYMBOLS = NO;
				GCC_MODEL_TUNING = G5;
				GCC_OPTIMIZATION_LEVEL = s;
				GCC_WARN_ABOUT_MISSING_PROTOTYPES = YES;
				GCC_WARN_ABOUT_RETURN_TYPE = YES;
				GCC_WARN_UNUSED_VARIABLE = YES;
				IPHONEOS_DEPLOYMENT_TARGET = 6.0;
				MACOSX_DEPLOYMENT_TARGET = "";
				SDKROOT = macosx;
				WARNING_CFLAGS = (
					"-Wall",
					"-Werror",
					"-Wendif-labels",
					"-Wnewline-eof",
					"-Wfloat-equal",
					"-Wundeclared-selector",
					"-Wextra",
					"-Wstrict-overflow",
					"-Wconversion",
					"-Wformat=2",
					"-Wformat-security",
					"-Wreorder",
					"-Wsign-promo",
					"-Wstrict-selector-match",
					"-Wno-unused-parameter",
					"-Wno-unknown-pragmas",
				);
			};
			name = Release;
		};
		4F1C6E101027B3CF00B46459 /* Debug */ = {
			isa = XCBuildConfiguration;
			buildSettings = {
				OTHER_CFLAGS = (
					"$(inherited)",
					"-DGTL_IPHONE=1",
				);
				PRODUCT_NAME = GTLTouchStaticLib;
				SDKROOT = iphoneos;
				SKIP_INSTALL = YES;
			};
			name = Debug;
		};
		4F1C6E111027B3CF00B46459 /* Release */ = {
			isa = XCBuildConfiguration;
			buildSettings = {
				OTHER_CFLAGS = (
					"$(inherited)",
					"-DGTL_IPHONE=1",
				);
				PRODUCT_NAME = GTLTouchStaticLib;
				SDKROOT = iphoneos;
				SKIP_INSTALL = YES;
			};
			name = Release;
		};
/* End XCBuildConfiguration section */

/* Begin XCConfigurationList section */
		1DEB913E08733D840010E9CD /* Build configuration list for PBXProject "GTL" */ = {
			isa = XCConfigurationList;
			buildConfigurations = (
				1DEB913F08733D840010E9CD /* Debug */,
				1DEB914008733D840010E9CD /* Release */,
			);
			defaultConfigurationIsVisible = 0;
			defaultConfigurationName = Release;
		};
		4F1C6E121027B3ED00B46459 /* Build configuration list for PBXNativeTarget "GTLTouchStaticLib" */ = {
			isa = XCConfigurationList;
			buildConfigurations = (
				4F1C6E101027B3CF00B46459 /* Debug */,
				4F1C6E111027B3CF00B46459 /* Release */,
			);
			defaultConfigurationIsVisible = 0;
			defaultConfigurationName = Release;
		};
/* End XCConfigurationList section */
	};
	rootObject = 089C1669FE841209C02AAC07 /* Project object */;
}
